
Microsoft Visual Studio Solution File, Format Version 9.00
# Visual C++ Express 2005
Project("{8BC9CEB8-8B4A-11D0-8D11-00A0C91BC942}") = "Telefonliste", "Telefonliste\Telefonliste.vcproj", "{DC258E0B-120A-4D2C-887A-AA5D536718BE}"
EndProject
Global
	GlobalSection(SolutionConfigurationPlatforms) = preSolution
		Debug|Win32 = Debug|Win32
		Release|Win32 = Release|Win32
	EndGlobalSection
	GlobalSection(ProjectConfigurationPlatforms) = postSolution
		{DC258E0B-120A-4D2C-887A-AA5D536718BE}.Debug|Win32.ActiveCfg = Debug|Win32
		{DC258E0B-120A-4D2C-887A-AA5D536718BE}.Debug|Win32.Build.0 = Debug|Win32
		{DC258E0B-120A-4D2C-887A-AA5D536718BE}.Release|Win32.ActiveCfg = Release|Win32
		{DC258E0B-120A-4D2C-887A-AA5D536718BE}.Release|Win32.Build.0 = Release|Win32
	EndGlobalSection
	GlobalSection(SolutionProperties) = preSolution
		HideSolutionNode = FALSE
	EndGlobalSection
EndGlobal
