
Microsoft Visual Studio Solution File, Format Version 9.00
# Visual C++ Express 2005
Project("{8BC9CEB8-8B4A-11D0-8D11-00A0C91BC942}") = "Paritätsbits", "Paritätsbits.vcproj", "{A90500BE-3244-4165-B4A7-22278E86D0EA}"
EndProject
Global
	GlobalSection(SolutionConfigurationPlatforms) = preSolution
		Debug|Win32 = Debug|Win32
		Release|Win32 = Release|Win32
	EndGlobalSection
	GlobalSection(ProjectConfigurationPlatforms) = postSolution
		{A90500BE-3244-4165-B4A7-22278E86D0EA}.Debug|Win32.ActiveCfg = Debug|Win32
		{A90500BE-3244-4165-B4A7-22278E86D0EA}.Debug|Win32.Build.0 = Debug|Win32
		{A90500BE-3244-4165-B4A7-22278E86D0EA}.Release|Win32.ActiveCfg = Release|Win32
		{A90500BE-3244-4165-B4A7-22278E86D0EA}.Release|Win32.Build.0 = Release|Win32
	EndGlobalSection
	GlobalSection(SolutionProperties) = preSolution
		HideSolutionNode = FALSE
	EndGlobalSection
EndGlobal
