
Microsoft Visual Studio Solution File, Format Version 11.00
# Visual Studio 2010
Project("{8BC9CEB8-8B4A-11D0-8D11-00A0C91BC942}") = "Boost_Bind", "Boost_Bind\Boost_Bind.vcxproj", "{B0F7B02C-C281-4927-9AB7-4E5F17562DD6}"
EndProject
Project("{8BC9CEB8-8B4A-11D0-8D11-00A0C91BC942}") = "Boost_Threads", "Boost_Threads\Boost_Threads.vcxproj", "{191FE1D3-17A7-4B99-A8BE-294F6ADF1742}"
EndProject
Project("{8BC9CEB8-8B4A-11D0-8D11-00A0C91BC942}") = "Boost_Socket_IOS", "Boost_Socket_IOS\Boost_Socket_IOS.vcxproj", "{69109635-40FD-42B7-A870-2B54DA58D5F3}"
EndProject
Project("{8BC9CEB8-8B4A-11D0-8D11-00A0C91BC942}") = "ASIO_TCP_CLIENT", "ASIO_TCP_CLIENT\ASIO_TCP_CLIENT.vcxproj", "{834C2510-9218-4547-A185-A2152DAAAC8C}"
EndProject
Project("{8BC9CEB8-8B4A-11D0-8D11-00A0C91BC942}") = "ASIO_TCP_SERVER", "ASIO_TCP_SERVER\ASIO_TCP_SERVER.vcxproj", "{55C1C7DC-6F2C-4297-9151-3B194F92B829}"
EndProject
Project("{8BC9CEB8-8B4A-11D0-8D11-00A0C91BC942}") = "ASIO_TCP_SERVER2", "ASIO_TCP_SERVER2\ASIO_TCP_SERVER2.vcxproj", "{FDE729B0-BEC3-4196-858A-902055CC928F}"
EndProject
Project("{8BC9CEB8-8B4A-11D0-8D11-00A0C91BC942}") = "ASIO_TCP_CLIENT2", "ASIO_TCP_CLIENT2\ASIO_TCP_CLIENT2.vcxproj", "{ED03E30E-D030-4709-935F-A9358E28325A}"
EndProject
Project("{8BC9CEB8-8B4A-11D0-8D11-00A0C91BC942}") = "Boost_Threads2", "Boost_Threads2\Boost_Threads2.vcxproj", "{BD01AA5B-FAB6-4E25-8D99-576F551AE05A}"
EndProject
Project("{8BC9CEB8-8B4A-11D0-8D11-00A0C91BC942}") = "ASIO_ASYNC_ECHO_SERVER", "ASIO_ASYNC_ECHO_SERVER\ASIO_ASYNC_ECHO_SERVER.vcxproj", "{6D04D3B6-4A48-46FA-BF46-61E7AABAAF14}"
EndProject
Project("{8BC9CEB8-8B4A-11D0-8D11-00A0C91BC942}") = "ASIO_ASYNC_ECHO_CLIENT", "ASIO_ASYNC_ECHO_CLIENT\ASIO_ASYNC_ECHO_CLIENT.vcxproj", "{72715E35-8621-4591-B44F-0CB46C89E195}"
EndProject
Project("{8BC9CEB8-8B4A-11D0-8D11-00A0C91BC942}") = "Chrono", "Chrono\Chrono.vcxproj", "{316AF71A-788F-448B-9DF0-5BEA625B83BC}"
EndProject
Project("{8BC9CEB8-8B4A-11D0-8D11-00A0C91BC942}") = "Program_Options", "Program_Options\Program_Options.vcxproj", "{0DCAA0F6-DFCD-4DA5-A919-0E90CAB88D94}"
EndProject
Project("{8BC9CEB8-8B4A-11D0-8D11-00A0C91BC942}") = "Log", "Log\Log.vcxproj", "{05D5433D-2F59-4A67-8BB3-5669469F7DBF}"
EndProject
Project("{8BC9CEB8-8B4A-11D0-8D11-00A0C91BC942}") = "Filesystem", "Filesystem\Filesystem.vcxproj", "{40076905-88BB-4C2A-B157-EE76B295A6AF}"
EndProject
Project("{8BC9CEB8-8B4A-11D0-8D11-00A0C91BC942}") = "Filesystem", "Graph_MinimumSpanningTree\Graph_MinimumSpanningTree.vcxproj", "{467FFB2A-2E9F-4102-8FEA-E5B75F5F4121}"
EndProject
Global
	GlobalSection(SolutionConfigurationPlatforms) = preSolution
		Debug|Win32 = Debug|Win32
		Release|Win32 = Release|Win32
	EndGlobalSection
	GlobalSection(ProjectConfigurationPlatforms) = postSolution
		{B0F7B02C-C281-4927-9AB7-4E5F17562DD6}.Debug|Win32.ActiveCfg = Debug|Win32
		{B0F7B02C-C281-4927-9AB7-4E5F17562DD6}.Debug|Win32.Build.0 = Debug|Win32
		{B0F7B02C-C281-4927-9AB7-4E5F17562DD6}.Release|Win32.ActiveCfg = Release|Win32
		{B0F7B02C-C281-4927-9AB7-4E5F17562DD6}.Release|Win32.Build.0 = Release|Win32
		{191FE1D3-17A7-4B99-A8BE-294F6ADF1742}.Debug|Win32.ActiveCfg = Debug|Win32
		{191FE1D3-17A7-4B99-A8BE-294F6ADF1742}.Debug|Win32.Build.0 = Debug|Win32
		{191FE1D3-17A7-4B99-A8BE-294F6ADF1742}.Release|Win32.ActiveCfg = Release|Win32
		{191FE1D3-17A7-4B99-A8BE-294F6ADF1742}.Release|Win32.Build.0 = Release|Win32
		{69109635-40FD-42B7-A870-2B54DA58D5F3}.Debug|Win32.ActiveCfg = Debug|Win32
		{69109635-40FD-42B7-A870-2B54DA58D5F3}.Debug|Win32.Build.0 = Debug|Win32
		{69109635-40FD-42B7-A870-2B54DA58D5F3}.Release|Win32.ActiveCfg = Release|Win32
		{69109635-40FD-42B7-A870-2B54DA58D5F3}.Release|Win32.Build.0 = Release|Win32
		{834C2510-9218-4547-A185-A2152DAAAC8C}.Debug|Win32.ActiveCfg = Debug|Win32
		{834C2510-9218-4547-A185-A2152DAAAC8C}.Debug|Win32.Build.0 = Debug|Win32
		{834C2510-9218-4547-A185-A2152DAAAC8C}.Release|Win32.ActiveCfg = Release|Win32
		{834C2510-9218-4547-A185-A2152DAAAC8C}.Release|Win32.Build.0 = Release|Win32
		{55C1C7DC-6F2C-4297-9151-3B194F92B829}.Debug|Win32.ActiveCfg = Debug|Win32
		{55C1C7DC-6F2C-4297-9151-3B194F92B829}.Debug|Win32.Build.0 = Debug|Win32
		{55C1C7DC-6F2C-4297-9151-3B194F92B829}.Release|Win32.ActiveCfg = Release|Win32
		{55C1C7DC-6F2C-4297-9151-3B194F92B829}.Release|Win32.Build.0 = Release|Win32
		{FDE729B0-BEC3-4196-858A-902055CC928F}.Debug|Win32.ActiveCfg = Debug|Win32
		{FDE729B0-BEC3-4196-858A-902055CC928F}.Debug|Win32.Build.0 = Debug|Win32
		{FDE729B0-BEC3-4196-858A-902055CC928F}.Release|Win32.ActiveCfg = Release|Win32
		{FDE729B0-BEC3-4196-858A-902055CC928F}.Release|Win32.Build.0 = Release|Win32
		{ED03E30E-D030-4709-935F-A9358E28325A}.Debug|Win32.ActiveCfg = Debug|Win32
		{ED03E30E-D030-4709-935F-A9358E28325A}.Debug|Win32.Build.0 = Debug|Win32
		{ED03E30E-D030-4709-935F-A9358E28325A}.Release|Win32.ActiveCfg = Release|Win32
		{ED03E30E-D030-4709-935F-A9358E28325A}.Release|Win32.Build.0 = Release|Win32
		{BD01AA5B-FAB6-4E25-8D99-576F551AE05A}.Debug|Win32.ActiveCfg = Debug|Win32
		{BD01AA5B-FAB6-4E25-8D99-576F551AE05A}.Debug|Win32.Build.0 = Debug|Win32
		{BD01AA5B-FAB6-4E25-8D99-576F551AE05A}.Release|Win32.ActiveCfg = Release|Win32
		{BD01AA5B-FAB6-4E25-8D99-576F551AE05A}.Release|Win32.Build.0 = Release|Win32
		{6D04D3B6-4A48-46FA-BF46-61E7AABAAF14}.Debug|Win32.ActiveCfg = Debug|Win32
		{6D04D3B6-4A48-46FA-BF46-61E7AABAAF14}.Debug|Win32.Build.0 = Debug|Win32
		{6D04D3B6-4A48-46FA-BF46-61E7AABAAF14}.Release|Win32.ActiveCfg = Release|Win32
		{6D04D3B6-4A48-46FA-BF46-61E7AABAAF14}.Release|Win32.Build.0 = Release|Win32
		{72715E35-8621-4591-B44F-0CB46C89E195}.Debug|Win32.ActiveCfg = Debug|Win32
		{72715E35-8621-4591-B44F-0CB46C89E195}.Debug|Win32.Build.0 = Debug|Win32
		{72715E35-8621-4591-B44F-0CB46C89E195}.Release|Win32.ActiveCfg = Release|Win32
		{72715E35-8621-4591-B44F-0CB46C89E195}.Release|Win32.Build.0 = Release|Win32
		{316AF71A-788F-448B-9DF0-5BEA625B83BC}.Debug|Win32.ActiveCfg = Debug|Win32
		{316AF71A-788F-448B-9DF0-5BEA625B83BC}.Debug|Win32.Build.0 = Debug|Win32
		{316AF71A-788F-448B-9DF0-5BEA625B83BC}.Release|Win32.ActiveCfg = Release|Win32
		{316AF71A-788F-448B-9DF0-5BEA625B83BC}.Release|Win32.Build.0 = Release|Win32
		{0DCAA0F6-DFCD-4DA5-A919-0E90CAB88D94}.Debug|Win32.ActiveCfg = Debug|Win32
		{0DCAA0F6-DFCD-4DA5-A919-0E90CAB88D94}.Debug|Win32.Build.0 = Debug|Win32
		{0DCAA0F6-DFCD-4DA5-A919-0E90CAB88D94}.Release|Win32.ActiveCfg = Release|Win32
		{0DCAA0F6-DFCD-4DA5-A919-0E90CAB88D94}.Release|Win32.Build.0 = Release|Win32
		{05D5433D-2F59-4A67-8BB3-5669469F7DBF}.Debug|Win32.ActiveCfg = Debug|Win32
		{05D5433D-2F59-4A67-8BB3-5669469F7DBF}.Debug|Win32.Build.0 = Debug|Win32
		{05D5433D-2F59-4A67-8BB3-5669469F7DBF}.Release|Win32.ActiveCfg = Release|Win32
		{05D5433D-2F59-4A67-8BB3-5669469F7DBF}.Release|Win32.Build.0 = Release|Win32
        {40076905-88BB-4C2A-B157-EE76B295A6AF}.Debug|Win32.ActiveCfg = Debug|Win32
		{40076905-88BB-4C2A-B157-EE76B295A6AF}.Debug|Win32.Build.0 = Debug|Win32
		{40076905-88BB-4C2A-B157-EE76B295A6AF}.Release|Win32.ActiveCfg = Release|Win32
		{40076905-88BB-4C2A-B157-EE76B295A6AF}.Release|Win32.Build.0 = Release|Win32
        {467FFB2A-2E9F-4102-8FEA-E5B75F5F4121}.Debug|Win32.ActiveCfg = Debug|Win32
		{467FFB2A-2E9F-4102-8FEA-E5B75F5F4121}.Debug|Win32.Build.0 = Debug|Win32
		{467FFB2A-2E9F-4102-8FEA-E5B75F5F4121}.Release|Win32.ActiveCfg = Release|Win32
		{467FFB2A-2E9F-4102-8FEA-E5B75F5F4121}.Release|Win32.Build.0 = Release|Win32
        
        
	EndGlobalSection
	GlobalSection(SolutionProperties) = preSolution
		HideSolutionNode = FALSE
	EndGlobalSection
EndGlobal
