
Microsoft Visual Studio Solution File, Format Version 9.00
# Visual C++ Express 2005
Project("{8BC9CEB8-8B4A-11D0-8D11-00A0C91BC942}") = "Matrizen als Funktionsargumente", "Matrizen als Funktionsargumente.vcproj", "{2375595A-9FD1-48B1-BD25-6D6A4BDB74F9}"
EndProject
Global
	GlobalSection(SolutionConfigurationPlatforms) = preSolution
		Debug|Win32 = Debug|Win32
		Release|Win32 = Release|Win32
	EndGlobalSection
	GlobalSection(ProjectConfigurationPlatforms) = postSolution
		{2375595A-9FD1-48B1-BD25-6D6A4BDB74F9}.Debug|Win32.ActiveCfg = Debug|Win32
		{2375595A-9FD1-48B1-BD25-6D6A4BDB74F9}.Debug|Win32.Build.0 = Debug|Win32
		{2375595A-9FD1-48B1-BD25-6D6A4BDB74F9}.Release|Win32.ActiveCfg = Release|Win32
		{2375595A-9FD1-48B1-BD25-6D6A4BDB74F9}.Release|Win32.Build.0 = Release|Win32
	EndGlobalSection
	GlobalSection(SolutionProperties) = preSolution
		HideSolutionNode = FALSE
	EndGlobalSection
EndGlobal
