
Microsoft Visual Studio Solution File, Format Version 11.00
# Visual Studio 2010
Project("{8BC9CEB8-8B4A-11D0-8D11-00A0C91BC942}") = "CUDA_01", "CUDA_01\CUDA_01.vcxproj", "{A06562E2-73F6-4662-A02F-CB5FB3394D86}"
EndProject
Project("{8BC9CEB8-8B4A-11D0-8D11-00A0C91BC942}") = "CUDA_02_MANUAL_SETUP", "CUDA_02_MANUAL_SETUP\CUDA_02_MANUAL_SETUP.vcxproj", "{B281D52A-9288-4309-A646-F02D1F0839FF}"
EndProject
Project("{8BC9CEB8-8B4A-11D0-8D11-00A0C91BC942}") = "gSLIC", "gSLIC\gSLIC.vcxproj", "{05E50C2C-37EB-4ABD-8AB2-B47E3923B6A7}"
EndProject
Project("{8BC9CEB8-8B4A-11D0-8D11-00A0C91BC942}") = "gSLIC_Test", "gSLIC_Test\gSLIC_Test.vcxproj", "{13E83CF0-67BE-4EB0-BD42-98663C5F3875}"
EndProject
Project("{8BC9CEB8-8B4A-11D0-8D11-00A0C91BC942}") = "gSLIC2", "gSLIC2\gSLIC2.vcxproj", "{BC24E419-61DF-4661-BE8E-452A26230523}"
EndProject
Project("{8BC9CEB8-8B4A-11D0-8D11-00A0C91BC942}") = "gSLIC2_Test", "gSLIC2_Test\gSLIC2_Test.vcxproj", "{AE8A7977-5A85-429D-BD21-46E3F15B7E88}"
EndProject
Project("{8BC9CEB8-8B4A-11D0-8D11-00A0C91BC942}") = "gSLIC3", "gSLIC3\gSLIC3.vcxproj", "{277EBD7C-7B27-473D-9AF2-F06B79B785A5}"
EndProject
Project("{8BC9CEB8-8B4A-11D0-8D11-00A0C91BC942}") = "ColorConversions", "ColorConversions\ColorConversions.vcxproj", "{EB2C12E8-5DD7-494F-B7ED-FE90052A1681}"
EndProject
Project("{8BC9CEB8-8B4A-11D0-8D11-00A0C91BC942}") = "BilateralFilter", "BilateralFilter\BilateralFilter.vcxproj", "{0E3654C2-0C66-4E45-9C0B-E98DA1FD5086}"
EndProject
Project("{8BC9CEB8-8B4A-11D0-8D11-00A0C91BC942}") = "MatrixMultiplication", "MatrixMultiplication\MatrixMultiplication.vcxproj", "{EA8C36F1-EF08-4027-946E-81F61B711ECB}"
EndProject
Project("{8BC9CEB8-8B4A-11D0-8D11-00A0C91BC942}") = "DeviceProperties", "DeviceProperties\DeviceProperties.vcxproj", "{7593C2C3-3B79-4252-B1FE-DFA8DD4D6C9B}"
EndProject
Project("{8BC9CEB8-8B4A-11D0-8D11-00A0C91BC942}") = "GaussianBlur", "GaussianBlur\GaussianBlur.vcxproj", "{B30F999C-3964-4093-BCE5-CEFA175937E7}"
EndProject
Project("{8BC9CEB8-8B4A-11D0-8D11-00A0C91BC942}") = "cuda_playground", "cuda_playground\cuda_playground.vcxproj", "{90597BAF-D5DC-4E8F-8ACA-C97F515ED121}"
EndProject
Project("{8BC9CEB8-8B4A-11D0-8D11-00A0C91BC942}") = "CUB", "CUB\CUB.vcxproj", "{527CE09E-6050-423F-A1C0-48DD409D1CE4}"
EndProject
Project("{8BC9CEB8-8B4A-11D0-8D11-00A0C91BC942}") = "BreakEven", "BreakEven\BreakEven.vcxproj", "{5AA98430-E0E5-4463-B3FC-DF9CF4E219EC}"
EndProject
Project("{8BC9CEB8-8B4A-11D0-8D11-00A0C91BC942}") = "HelloThrust", "HelloThrust\HelloThrust.vcxproj", "{B9D60F3D-EBE7-486D-981D-EAD627A3A726}"
EndProject
Global
	GlobalSection(SolutionConfigurationPlatforms) = preSolution
		Debug|Win32 = Debug|Win32
		Debug|x64 = Debug|x64
		Release|Win32 = Release|Win32
		Release|x64 = Release|x64
	EndGlobalSection
	GlobalSection(ProjectConfigurationPlatforms) = postSolution
		{A06562E2-73F6-4662-A02F-CB5FB3394D86}.Debug|Win32.ActiveCfg = Debug|Win32
		{A06562E2-73F6-4662-A02F-CB5FB3394D86}.Debug|Win32.Build.0 = Debug|Win32
		{A06562E2-73F6-4662-A02F-CB5FB3394D86}.Debug|x64.ActiveCfg = Debug|x64
		{A06562E2-73F6-4662-A02F-CB5FB3394D86}.Debug|x64.Build.0 = Debug|x64
		{A06562E2-73F6-4662-A02F-CB5FB3394D86}.Release|Win32.ActiveCfg = Release|Win32
		{A06562E2-73F6-4662-A02F-CB5FB3394D86}.Release|Win32.Build.0 = Release|Win32
		{A06562E2-73F6-4662-A02F-CB5FB3394D86}.Release|x64.ActiveCfg = Release|x64
		{A06562E2-73F6-4662-A02F-CB5FB3394D86}.Release|x64.Build.0 = Release|x64
		{B281D52A-9288-4309-A646-F02D1F0839FF}.Debug|Win32.ActiveCfg = Debug|Win32
		{B281D52A-9288-4309-A646-F02D1F0839FF}.Debug|Win32.Build.0 = Debug|Win32
		{B281D52A-9288-4309-A646-F02D1F0839FF}.Debug|x64.ActiveCfg = Debug|x64
		{B281D52A-9288-4309-A646-F02D1F0839FF}.Debug|x64.Build.0 = Debug|x64
		{B281D52A-9288-4309-A646-F02D1F0839FF}.Release|Win32.ActiveCfg = Release|Win32
		{B281D52A-9288-4309-A646-F02D1F0839FF}.Release|Win32.Build.0 = Release|Win32
		{B281D52A-9288-4309-A646-F02D1F0839FF}.Release|x64.ActiveCfg = Release|x64
		{B281D52A-9288-4309-A646-F02D1F0839FF}.Release|x64.Build.0 = Release|x64
		{05E50C2C-37EB-4ABD-8AB2-B47E3923B6A7}.Debug|Win32.ActiveCfg = Debug|Win32
		{05E50C2C-37EB-4ABD-8AB2-B47E3923B6A7}.Debug|Win32.Build.0 = Debug|Win32
		{05E50C2C-37EB-4ABD-8AB2-B47E3923B6A7}.Debug|x64.ActiveCfg = Debug|x64
		{05E50C2C-37EB-4ABD-8AB2-B47E3923B6A7}.Debug|x64.Build.0 = Debug|x64
		{05E50C2C-37EB-4ABD-8AB2-B47E3923B6A7}.Release|Win32.ActiveCfg = Release|Win32
		{05E50C2C-37EB-4ABD-8AB2-B47E3923B6A7}.Release|Win32.Build.0 = Release|Win32
		{05E50C2C-37EB-4ABD-8AB2-B47E3923B6A7}.Release|x64.ActiveCfg = Release|x64
		{05E50C2C-37EB-4ABD-8AB2-B47E3923B6A7}.Release|x64.Build.0 = Release|x64
		{13E83CF0-67BE-4EB0-BD42-98663C5F3875}.Debug|Win32.ActiveCfg = Debug|Win32
		{13E83CF0-67BE-4EB0-BD42-98663C5F3875}.Debug|Win32.Build.0 = Debug|Win32
		{13E83CF0-67BE-4EB0-BD42-98663C5F3875}.Debug|x64.ActiveCfg = Debug|x64
		{13E83CF0-67BE-4EB0-BD42-98663C5F3875}.Debug|x64.Build.0 = Debug|x64
		{13E83CF0-67BE-4EB0-BD42-98663C5F3875}.Release|Win32.ActiveCfg = Release|Win32
		{13E83CF0-67BE-4EB0-BD42-98663C5F3875}.Release|Win32.Build.0 = Release|Win32
		{13E83CF0-67BE-4EB0-BD42-98663C5F3875}.Release|x64.ActiveCfg = Release|x64
		{13E83CF0-67BE-4EB0-BD42-98663C5F3875}.Release|x64.Build.0 = Release|x64
		{BC24E419-61DF-4661-BE8E-452A26230523}.Debug|Win32.ActiveCfg = Debug|Win32
		{BC24E419-61DF-4661-BE8E-452A26230523}.Debug|Win32.Build.0 = Debug|Win32
		{BC24E419-61DF-4661-BE8E-452A26230523}.Debug|x64.ActiveCfg = Debug|x64
		{BC24E419-61DF-4661-BE8E-452A26230523}.Debug|x64.Build.0 = Debug|x64
		{BC24E419-61DF-4661-BE8E-452A26230523}.Release|Win32.ActiveCfg = Release|Win32
		{BC24E419-61DF-4661-BE8E-452A26230523}.Release|Win32.Build.0 = Release|Win32
		{BC24E419-61DF-4661-BE8E-452A26230523}.Release|x64.ActiveCfg = Release|x64
		{BC24E419-61DF-4661-BE8E-452A26230523}.Release|x64.Build.0 = Release|x64
		{AE8A7977-5A85-429D-BD21-46E3F15B7E88}.Debug|Win32.ActiveCfg = Debug|Win32
		{AE8A7977-5A85-429D-BD21-46E3F15B7E88}.Debug|Win32.Build.0 = Debug|Win32
		{AE8A7977-5A85-429D-BD21-46E3F15B7E88}.Debug|x64.ActiveCfg = Debug|x64
		{AE8A7977-5A85-429D-BD21-46E3F15B7E88}.Debug|x64.Build.0 = Debug|x64
		{AE8A7977-5A85-429D-BD21-46E3F15B7E88}.Release|Win32.ActiveCfg = Release|Win32
		{AE8A7977-5A85-429D-BD21-46E3F15B7E88}.Release|Win32.Build.0 = Release|Win32
		{AE8A7977-5A85-429D-BD21-46E3F15B7E88}.Release|x64.ActiveCfg = Release|x64
		{AE8A7977-5A85-429D-BD21-46E3F15B7E88}.Release|x64.Build.0 = Release|x64
		{277EBD7C-7B27-473D-9AF2-F06B79B785A5}.Debug|Win32.ActiveCfg = Debug|Win32
		{277EBD7C-7B27-473D-9AF2-F06B79B785A5}.Debug|Win32.Build.0 = Debug|Win32
		{277EBD7C-7B27-473D-9AF2-F06B79B785A5}.Debug|x64.ActiveCfg = Debug|x64
		{277EBD7C-7B27-473D-9AF2-F06B79B785A5}.Debug|x64.Build.0 = Debug|x64
		{277EBD7C-7B27-473D-9AF2-F06B79B785A5}.Release|Win32.ActiveCfg = Release|Win32
		{277EBD7C-7B27-473D-9AF2-F06B79B785A5}.Release|Win32.Build.0 = Release|Win32
		{277EBD7C-7B27-473D-9AF2-F06B79B785A5}.Release|x64.ActiveCfg = Release|x64
		{277EBD7C-7B27-473D-9AF2-F06B79B785A5}.Release|x64.Build.0 = Release|x64
		{EB2C12E8-5DD7-494F-B7ED-FE90052A1681}.Debug|Win32.ActiveCfg = Debug|Win32
		{EB2C12E8-5DD7-494F-B7ED-FE90052A1681}.Debug|Win32.Build.0 = Debug|Win32
		{EB2C12E8-5DD7-494F-B7ED-FE90052A1681}.Debug|x64.ActiveCfg = Debug|x64
		{EB2C12E8-5DD7-494F-B7ED-FE90052A1681}.Debug|x64.Build.0 = Debug|x64
		{EB2C12E8-5DD7-494F-B7ED-FE90052A1681}.Release|Win32.ActiveCfg = Release|Win32
		{EB2C12E8-5DD7-494F-B7ED-FE90052A1681}.Release|Win32.Build.0 = Release|Win32
		{EB2C12E8-5DD7-494F-B7ED-FE90052A1681}.Release|x64.ActiveCfg = Release|x64
		{EB2C12E8-5DD7-494F-B7ED-FE90052A1681}.Release|x64.Build.0 = Release|x64
		{0E3654C2-0C66-4E45-9C0B-E98DA1FD5086}.Debug|Win32.ActiveCfg = Debug|Win32
		{0E3654C2-0C66-4E45-9C0B-E98DA1FD5086}.Debug|Win32.Build.0 = Debug|Win32
		{0E3654C2-0C66-4E45-9C0B-E98DA1FD5086}.Debug|x64.ActiveCfg = Debug|x64
		{0E3654C2-0C66-4E45-9C0B-E98DA1FD5086}.Debug|x64.Build.0 = Debug|x64
		{0E3654C2-0C66-4E45-9C0B-E98DA1FD5086}.Release|Win32.ActiveCfg = Release|Win32
		{0E3654C2-0C66-4E45-9C0B-E98DA1FD5086}.Release|Win32.Build.0 = Release|Win32
		{0E3654C2-0C66-4E45-9C0B-E98DA1FD5086}.Release|x64.ActiveCfg = Release|Win32
		{0E3654C2-0C66-4E45-9C0B-E98DA1FD5086}.Release|x64.Build.0 = Release|x64
		{EA8C36F1-EF08-4027-946E-81F61B711ECB}.Debug|Win32.ActiveCfg = Debug|Win32
		{EA8C36F1-EF08-4027-946E-81F61B711ECB}.Debug|Win32.Build.0 = Debug|Win32
		{EA8C36F1-EF08-4027-946E-81F61B711ECB}.Debug|x64.ActiveCfg = Debug|x64
		{EA8C36F1-EF08-4027-946E-81F61B711ECB}.Debug|x64.Build.0 = Debug|x64
		{EA8C36F1-EF08-4027-946E-81F61B711ECB}.Release|Win32.ActiveCfg = Release|Win32
		{EA8C36F1-EF08-4027-946E-81F61B711ECB}.Release|Win32.Build.0 = Release|Win32
		{EA8C36F1-EF08-4027-946E-81F61B711ECB}.Release|x64.ActiveCfg = Release|x64
		{EA8C36F1-EF08-4027-946E-81F61B711ECB}.Release|x64.Build.0 = Release|x64
		{7593C2C3-3B79-4252-B1FE-DFA8DD4D6C9B}.Debug|Win32.ActiveCfg = Debug|Win32
		{7593C2C3-3B79-4252-B1FE-DFA8DD4D6C9B}.Debug|Win32.Build.0 = Debug|Win32
		{7593C2C3-3B79-4252-B1FE-DFA8DD4D6C9B}.Debug|x64.ActiveCfg = Debug|x64
		{7593C2C3-3B79-4252-B1FE-DFA8DD4D6C9B}.Debug|x64.Build.0 = Debug|x64
		{7593C2C3-3B79-4252-B1FE-DFA8DD4D6C9B}.Release|Win32.ActiveCfg = Release|Win32
		{7593C2C3-3B79-4252-B1FE-DFA8DD4D6C9B}.Release|Win32.Build.0 = Release|Win32
		{7593C2C3-3B79-4252-B1FE-DFA8DD4D6C9B}.Release|x64.ActiveCfg = Release|x64
		{7593C2C3-3B79-4252-B1FE-DFA8DD4D6C9B}.Release|x64.Build.0 = Release|x64
		{B30F999C-3964-4093-BCE5-CEFA175937E7}.Debug|Win32.ActiveCfg = Debug|Win32
		{B30F999C-3964-4093-BCE5-CEFA175937E7}.Debug|Win32.Build.0 = Debug|Win32
		{B30F999C-3964-4093-BCE5-CEFA175937E7}.Debug|x64.ActiveCfg = Debug|x64
		{B30F999C-3964-4093-BCE5-CEFA175937E7}.Debug|x64.Build.0 = Debug|x64
		{B30F999C-3964-4093-BCE5-CEFA175937E7}.Release|Win32.ActiveCfg = Release|Win32
		{B30F999C-3964-4093-BCE5-CEFA175937E7}.Release|Win32.Build.0 = Release|Win32
		{B30F999C-3964-4093-BCE5-CEFA175937E7}.Release|x64.ActiveCfg = Release|x64
		{B30F999C-3964-4093-BCE5-CEFA175937E7}.Release|x64.Build.0 = Release|x64
		{90597BAF-D5DC-4E8F-8ACA-C97F515ED121}.Debug|Win32.ActiveCfg = Debug|Win32
		{90597BAF-D5DC-4E8F-8ACA-C97F515ED121}.Debug|Win32.Build.0 = Debug|Win32
		{90597BAF-D5DC-4E8F-8ACA-C97F515ED121}.Debug|x64.ActiveCfg = Debug|x64
		{90597BAF-D5DC-4E8F-8ACA-C97F515ED121}.Debug|x64.Build.0 = Debug|x64
		{90597BAF-D5DC-4E8F-8ACA-C97F515ED121}.Release|Win32.ActiveCfg = Release|Win32
		{90597BAF-D5DC-4E8F-8ACA-C97F515ED121}.Release|Win32.Build.0 = Release|Win32
		{90597BAF-D5DC-4E8F-8ACA-C97F515ED121}.Release|x64.ActiveCfg = Release|x64
		{90597BAF-D5DC-4E8F-8ACA-C97F515ED121}.Release|x64.Build.0 = Release|x64
		{527CE09E-6050-423F-A1C0-48DD409D1CE4}.Debug|Win32.ActiveCfg = Debug|Win32
		{527CE09E-6050-423F-A1C0-48DD409D1CE4}.Debug|Win32.Build.0 = Debug|Win32
		{527CE09E-6050-423F-A1C0-48DD409D1CE4}.Debug|x64.ActiveCfg = Debug|x64
		{527CE09E-6050-423F-A1C0-48DD409D1CE4}.Debug|x64.Build.0 = Debug|x64
		{527CE09E-6050-423F-A1C0-48DD409D1CE4}.Release|Win32.ActiveCfg = Release|Win32
		{527CE09E-6050-423F-A1C0-48DD409D1CE4}.Release|Win32.Build.0 = Release|Win32
		{527CE09E-6050-423F-A1C0-48DD409D1CE4}.Release|x64.ActiveCfg = Release|x64
		{527CE09E-6050-423F-A1C0-48DD409D1CE4}.Release|x64.Build.0 = Release|x64
		{5AA98430-E0E5-4463-B3FC-DF9CF4E219EC}.Debug|Win32.ActiveCfg = Debug|Win32
		{5AA98430-E0E5-4463-B3FC-DF9CF4E219EC}.Debug|Win32.Build.0 = Debug|Win32
		{5AA98430-E0E5-4463-B3FC-DF9CF4E219EC}.Debug|x64.ActiveCfg = Debug|x64
		{5AA98430-E0E5-4463-B3FC-DF9CF4E219EC}.Debug|x64.Build.0 = Debug|x64
		{5AA98430-E0E5-4463-B3FC-DF9CF4E219EC}.Release|Win32.ActiveCfg = Release|Win32
		{5AA98430-E0E5-4463-B3FC-DF9CF4E219EC}.Release|Win32.Build.0 = Release|Win32
		{5AA98430-E0E5-4463-B3FC-DF9CF4E219EC}.Release|x64.ActiveCfg = Release|x64
		{5AA98430-E0E5-4463-B3FC-DF9CF4E219EC}.Release|x64.Build.0 = Release|x64
		{B9D60F3D-EBE7-486D-981D-EAD627A3A726}.Debug|Win32.ActiveCfg = Debug|Win32
		{B9D60F3D-EBE7-486D-981D-EAD627A3A726}.Debug|Win32.Build.0 = Debug|Win32
		{B9D60F3D-EBE7-486D-981D-EAD627A3A726}.Debug|x64.ActiveCfg = Debug|Win32
		{B9D60F3D-EBE7-486D-981D-EAD627A3A726}.Release|Win32.ActiveCfg = Release|Win32
		{B9D60F3D-EBE7-486D-981D-EAD627A3A726}.Release|Win32.Build.0 = Release|Win32
		{B9D60F3D-EBE7-486D-981D-EAD627A3A726}.Release|x64.ActiveCfg = Release|Win32
	EndGlobalSection
	GlobalSection(SolutionProperties) = preSolution
		HideSolutionNode = FALSE
	EndGlobalSection
EndGlobal
