
Microsoft Visual Studio Solution File, Format Version 9.00
# Visual C++ Express 2005
Project("{8BC9CEB8-8B4A-11D0-8D11-00A0C91BC942}") = "StringStreams", "StringStreams\StringStreams.vcproj", "{38D8F40C-F73E-46AE-97EF-3770A76F0935}"
EndProject
Global
	GlobalSection(SolutionConfigurationPlatforms) = preSolution
		Debug|Win32 = Debug|Win32
		Release|Win32 = Release|Win32
	EndGlobalSection
	GlobalSection(ProjectConfigurationPlatforms) = postSolution
		{38D8F40C-F73E-46AE-97EF-3770A76F0935}.Debug|Win32.ActiveCfg = Debug|Win32
		{38D8F40C-F73E-46AE-97EF-3770A76F0935}.Debug|Win32.Build.0 = Debug|Win32
		{38D8F40C-F73E-46AE-97EF-3770A76F0935}.Release|Win32.ActiveCfg = Release|Win32
		{38D8F40C-F73E-46AE-97EF-3770A76F0935}.Release|Win32.Build.0 = Release|Win32
	EndGlobalSection
	GlobalSection(SolutionProperties) = preSolution
		HideSolutionNode = FALSE
	EndGlobalSection
EndGlobal
