version = 1
revision = 3
requires-python = "==3.12.*"

[[package]]
name = "ansicon"
version = "1.89.0"
source = { registry = "https://pypi.org/simple" }
sdist = { url = "https://files.pythonhosted.org/packages/b6/e2/1c866404ddbd280efedff4a9f15abfe943cb83cde6e895022370f3a61f85/ansicon-1.89.0.tar.gz", hash = "sha256:e4d039def5768a47e4afec8e89e83ec3ae5a26bf00ad851f914d1240b444d2b1", size = 67312, upload-time = "2019-04-29T20:23:57.314Z" }
wheels = [
    { url = "https://files.pythonhosted.org/packages/75/f9/f1c10e223c7b56a38109a3f2eb4e7fe9a757ea3ed3a166754fb30f65e466/ansicon-1.89.0-py2.py3-none-any.whl", hash = "sha256:f1def52d17f65c2c9682cf8370c03f541f410c1752d6a14029f97318e4b9dfec", size = 63675, upload-time = "2019-04-29T20:23:53.83Z" },
]

[[package]]
name = "blessed"
version = "1.47.0"
source = { registry = "https://pypi.org/simple" }
dependencies = [
    { name = "jinxed" },
    { name = "wcwidth" },
]
sdist = { url = "https://files.pythonhosted.org/packages/82/45/ad23d265373cdb7f255d2e3ed5f122b62914bd3c425bb21bca01ef699e5c/blessed-1.47.0.tar.gz", hash = "sha256:ea13e06ae40f24710325411c5fa9b689d215cf170276cf1fda41feddaec8d3e0", size = 14035743, upload-time = "2026-07-09T00:43:10.055Z" }
wheels = [
    { url = "https://files.pythonhosted.org/packages/99/d8/374001cbc3fb49d0c99e7b115498696c4beaf7468287aa84d36c34bb4e97/blessed-1.47.0-py3-none-any.whl", hash = "sha256:f4df54a32289b6a3eaca49387b4f6823ba7e04ddb5ffa18f5e1fde44e8b79681", size = 131212, upload-time = "2026-07-09T00:43:07.609Z" },
]

[[package]]
name = "bpython"
version = "0.26"
source = { registry = "https://pypi.org/simple" }
dependencies = [
    { name = "curtsies" },
    { name = "cwcwidth" },
    { name = "greenlet" },
    { name = "pygments" },
    { name = "pyxdg" },
    { name = "requests" },
]
sdist = { url = "https://files.pythonhosted.org/packages/44/29/cd80e9108a6fc6a925ffb915f8f69198a2bb2388e39167a41d743ac2a8f4/bpython-0.26.tar.gz", hash = "sha256:f79083e1e3723be9b49c9994ad1dd3a19ccb4d0d4f9a6f5b3a73bef8bc327433", size = 207564, upload-time = "2025-10-28T07:19:41.97Z" }
wheels = [
    { url = "https://files.pythonhosted.org/packages/ea/92/26d8d98de4c1676305e03ec2be67850afaf883b507bf71b917d852585ec8/bpython-0.26-py3-none-any.whl", hash = "sha256:91bdbbe667078677dc6b236493fc03e47a04cd099630a32ca3f72d6d49b71e20", size = 175988, upload-time = "2025-10-28T07:19:40.114Z" },
]

[[package]]
name = "certifi"
version = "2026.6.17"
source = { registry = "https://pypi.org/simple" }
sdist = { url = "https://files.pythonhosted.org/packages/c9/c7/424b75da314c1045981bd9777432fad05a9e0c69daa4ed7e308bbaffe405/certifi-2026.6.17.tar.gz", hash = "sha256:024c88eeec92ca068db80f02b8b07c9cef7b9fe261d1d535abfd5abd6f6af432", size = 134594, upload-time = "2026-06-17T10:31:07.894Z" }
wheels = [
    { url = "https://files.pythonhosted.org/packages/ef/2f/c5464532e965badff2f4c4c1a3a83f5697f0d7c407ed0cda44aaa99bb451/certifi-2026.6.17-py3-none-any.whl", hash = "sha256:2227dcbaafe0d2f59279d1762ddddc37783ed4354594f194ffc31d20f41fc3db", size = 133289, upload-time = "2026-06-17T10:31:06.348Z" },
]

[[package]]
name = "charset-normalizer"
version = "3.4.9"
source = { registry = "https://pypi.org/simple" }
sdist = { url = "https://files.pythonhosted.org/packages/bd/2a/23f34ec9d04624958e137efdc394888716353190e75f25dd22c7a2c7a8aa/charset_normalizer-3.4.9.tar.gz", hash = "sha256:673611bbd43f0810bec0b0f028ddeaaa501190339cac411f347ac76917c3ae7b", size = 152439, upload-time = "2026-07-07T14:34:58.454Z" }
wheels = [
    { url = "https://files.pythonhosted.org/packages/70/4a/ecbd131485c07fcdfad54e28946d513e3da22ef3b4bd854dcafae54ec739/charset_normalizer-3.4.9-cp312-cp312-macosx_10_13_universal2.whl", hash = "sha256:45b0cc4e3556cd875e09102988d1ab8356c998b596c9fced84547c8138b487a0", size = 319300, upload-time = "2026-07-07T14:33:15.666Z" },
    { url = "https://files.pythonhosted.org/packages/ec/96/5d9364e3342d69f3a045e1777bc47c85c383e6e9466d561b33fdb419d1f9/charset_normalizer-3.4.9-cp312-cp312-manylinux2014_aarch64.manylinux_2_17_aarch64.manylinux_2_28_aarch64.whl", hash = "sha256:9b2aff1c7b3884512b9512c3eaadd9bab39fb45042ffaaa1dd08ff2b9f8109d9", size = 215802, upload-time = "2026-07-07T14:33:17.031Z" },
    { url = "https://files.pythonhosted.org/packages/4b/4c/5361f9aa7f2cb58d94f2ab831b3d493f69efb1d239654b4744e3c09527cb/charset_normalizer-3.4.9-cp312-cp312-manylinux2014_ppc64le.manylinux_2_17_ppc64le.manylinux_2_28_ppc64le.whl", hash = "sha256:9104ed0bd76a429d46f9ec0dbc9b08ad1d2dcdf2b00a5a0daa1c145329b35b44", size = 237171, upload-time = "2026-07-07T14:33:18.576Z" },
    { url = "https://files.pythonhosted.org/packages/50/78/ce342ca4ff30b2eb49fe6d9578df85974f90c67d294113e94efdd9664cbd/charset_normalizer-3.4.9-cp312-cp312-manylinux2014_s390x.manylinux_2_17_s390x.manylinux_2_28_s390x.whl", hash = "sha256:7b86a2b16095d250c6f58b3d9b2eee6f4147754344f3dab0922f7c9bf7d226c9", size = 233075, upload-time = "2026-07-07T14:33:20.084Z" },
    { url = "https://files.pythonhosted.org/packages/01/c4/4fa4c8b3097a11f3c5f09a35b72ed6855fb1d332469504962ab7bafcc702/charset_normalizer-3.4.9-cp312-cp312-manylinux2014_x86_64.manylinux_2_17_x86_64.manylinux_2_28_x86_64.whl", hash = "sha256:5e226f6218febc71f6c1fc2fafb91c226f75bdc1d8fb12d66823716e891608fd", size = 224256, upload-time = "2026-07-07T14:33:21.747Z" },
    { url = "https://files.pythonhosted.org/packages/87/3a/ad914516df7e358a81aae018caa5e0470ba827fa6d763b1d2e87d920a5f6/charset_normalizer-3.4.9-cp312-cp312-manylinux_2_31_armv7l.whl", hash = "sha256:90c44bc373b7687f6948b693cceaea1348ae0975d7474746559494468e3c1d84", size = 208784, upload-time = "2026-07-07T14:33:23.313Z" },
    { url = "https://files.pythonhosted.org/packages/d7/74/3c12f9755717dfe5c5c87da63f35d765fa0c00382ec26bf23f7fae34f2ba/charset_normalizer-3.4.9-cp312-cp312-manylinux_2_31_riscv64.manylinux_2_39_riscv64.whl", hash = "sha256:9cdef90ae47919cae358d8ab15797a800ed41da7aba5d72419fb510729e2ed4b", size = 219928, upload-time = "2026-07-07T14:33:24.814Z" },
    { url = "https://files.pythonhosted.org/packages/33/9a/895095b83e7907abd6d3d99aad3a38ad0d9686cc186cb0c94c24320fe63e/charset_normalizer-3.4.9-cp312-cp312-musllinux_1_2_aarch64.whl", hash = "sha256:60f44ade2cf573dad7a277e6f8ca9a51a21dda572b13bd7d8539bb3cd5dbedde", size = 218489, upload-time = "2026-07-07T14:33:26.42Z" },
    { url = "https://files.pythonhosted.org/packages/a1/34/ef5c05f412f42520d7709b7d3784d19640839eb7366ded1755511585429f/charset_normalizer-3.4.9-cp312-cp312-musllinux_1_2_armv7l.whl", hash = "sha256:a1786910334ed46ab1dd73222f2cd1e05c2c3bb39f6dddb4f8b36fc382058a39", size = 210267, upload-time = "2026-07-07T14:33:27.952Z" },
    { url = "https://files.pythonhosted.org/packages/83/dc/9b29fa4412b318bf3bfea985c35d67eb55e04b59a7c3f2237168b0e0be6f/charset_normalizer-3.4.9-cp312-cp312-musllinux_1_2_x86_64.whl", hash = "sha256:03d07803992c6c7bbc976327f34b18b6160327fc81cb82c9d504720ac0be3b62", size = 226030, upload-time = "2026-07-07T14:33:29.397Z" },
    { url = "https://files.pythonhosted.org/packages/0e/42/6dbc00b8cd16011691203e33570fa42ed5746599a2e878112d16eab403a3/charset_normalizer-3.4.9-cp312-cp312-win32.whl", hash = "sha256:78841cccf1af7b40f6f716338d50c0902dbe88d9f800b3c973b7a9a0a693a642", size = 151185, upload-time = "2026-07-07T14:33:30.781Z" },
    { url = "https://files.pythonhosted.org/packages/80/cc/f920afd1a23c58ccd53c1d36085a71893a4737ff5e66e0371efab6809850/charset_normalizer-3.4.9-cp312-cp312-win_amd64.whl", hash = "sha256:4b3dac63058cc36820b0dd072f89898604e2d39686fe05321729d00d8ac185a0", size = 162557, upload-time = "2026-07-07T14:33:32.176Z" },
    { url = "https://files.pythonhosted.org/packages/f0/e6/0386d43a261ff4e4b30c5857af7df877254b46bec7b9d1b74b6bf969a90b/charset_normalizer-3.4.9-cp312-cp312-win_arm64.whl", hash = "sha256:78fa18e436a1a0e58dbd7e02fc4473f3f32cceb12df9dfca542d075961c307d2", size = 152665, upload-time = "2026-07-07T14:33:33.711Z" },
    { url = "https://files.pythonhosted.org/packages/98/2b/f97f1c193fb855c345d678f5077d6926034db0722df74c8f057020e05a25/charset_normalizer-3.4.9-py3-none-any.whl", hash = "sha256:68e5f26a1ad57ded6d1cfb85331d1c1a195314756471d97758c48498bb4dcdf5", size = 64538, upload-time = "2026-07-07T14:34:56.993Z" },
]

[[package]]
name = "curtsies"
version = "0.4.3"
source = { registry = "https://pypi.org/simple" }
dependencies = [
    { name = "blessed" },
    { name = "cwcwidth" },
]
sdist = { url = "https://files.pythonhosted.org/packages/d1/18/5741cb42624089a815520d5b65c39c3e59673a77fd1fab6ad65bdebf2f91/curtsies-0.4.3.tar.gz", hash = "sha256:102a0ffbf952124f1be222fd6989da4ec7cce04e49f613009e5f54ad37618825", size = 53401, upload-time = "2025-06-05T06:33:20.099Z" }
wheels = [
    { url = "https://files.pythonhosted.org/packages/ab/9b/b8ee3720d056309f4ab667bfc85995c4351f67b22e8c2008612b70350c3a/curtsies-0.4.3-py3-none-any.whl", hash = "sha256:65a1b4d6ff887bd9b0f0836cc6dc68c3a2c65c57f51a62f0ee5df408edee1a99", size = 35482, upload-time = "2025-06-05T06:33:19.122Z" },
]

[[package]]
name = "cwcwidth"
version = "0.1.12"
source = { registry = "https://pypi.org/simple" }
sdist = { url = "https://files.pythonhosted.org/packages/86/5f/f5c3d1b4e9c8c541406ca0654efa1bfaa05414f8e7d1c14bc6e3fd0752f8/cwcwidth-0.1.12.tar.gz", hash = "sha256:bfc16531d1246dd2558eb9b3a63aa37a9978672b956860dc5426da2343ebf366", size = 72009, upload-time = "2025-11-01T17:48:53.683Z" }
wheels = [
    { url = "https://files.pythonhosted.org/packages/eb/48/42998c088895974ee2a5ce58d3e9bec504ffb4e063dbadc9e325499220d1/cwcwidth-0.1.12-cp311-abi3-macosx_11_0_arm64.whl", hash = "sha256:a2c7ab3b9eb0abab9bb326fec751b36aca52e0cfe3987c0909f188b9f681042c", size = 24206, upload-time = "2025-11-01T17:48:17.749Z" },
    { url = "https://files.pythonhosted.org/packages/0d/09/4ca240f55596b9c0006d3ffc584bceed4973ee54a5ea68ce9751b712e869/cwcwidth-0.1.12-cp311-abi3-manylinux1_x86_64.manylinux_2_28_x86_64.manylinux_2_5_x86_64.whl", hash = "sha256:48ae48e69759e19eec41aeb6ba2217e5ac2885191b2d90c5ac426ac1aa61f38c", size = 83467, upload-time = "2025-11-01T17:48:18.705Z" },
    { url = "https://files.pythonhosted.org/packages/44/c0/f9cc45fda70866852dd3ea5ec9d95ae2f4f6eb0c37877f92a08f5f9c7dd9/cwcwidth-0.1.12-cp311-abi3-manylinux2014_aarch64.manylinux_2_17_aarch64.manylinux_2_28_aarch64.whl", hash = "sha256:7cf19286e0a388916c8af6b60a6174d641840d722e2870ccb327f67b10b531e8", size = 85763, upload-time = "2025-11-01T17:48:19.494Z" },
    { url = "https://files.pythonhosted.org/packages/86/84/ebb25d16e759915bffe77c684c9a359277f90f1a39423f4067bb47961e92/cwcwidth-0.1.12-cp311-abi3-musllinux_1_2_aarch64.whl", hash = "sha256:2264b41d216d4cc8ac040a05d365f0221299a83ad8d45ab211c7b4301b19603a", size = 83632, upload-time = "2025-11-01T17:48:21.025Z" },
    { url = "https://files.pythonhosted.org/packages/ab/e7/45d6e1888a0240adf39634faacf3b2acd400309a83b4f33a2038851cb0ca/cwcwidth-0.1.12-cp311-abi3-musllinux_1_2_x86_64.whl", hash = "sha256:3608d4d076428543975a84bec9205f40f2935410816e01ec75bdb9b1a064be87", size = 84366, upload-time = "2025-11-01T17:48:21.948Z" },
    { url = "https://files.pythonhosted.org/packages/9b/b6/d65a429130c746f96f851850166008c2a0e0cf9225fe0ab1a3b6637e53f4/cwcwidth-0.1.12-cp311-abi3-win32.whl", hash = "sha256:02b7caa2afce141132edf191c080ce1b1d1c2251285407975db1ba63b509ba58", size = 22934, upload-time = "2025-11-01T17:48:22.983Z" },
    { url = "https://files.pythonhosted.org/packages/7d/63/1c0f5d4380402a00a8f18912ae28f1606774c106599e7341e56aa2bf83b8/cwcwidth-0.1.12-cp311-abi3-win_amd64.whl", hash = "sha256:0481c93b7392b27deda8a709eb9e1a9c95fc5b30d5f3bd5f995fd27c960d4ced", size = 24733, upload-time = "2025-11-01T17:48:24.094Z" },
    { url = "https://files.pythonhosted.org/packages/e4/b7/84eb413f698480d0eab25878477ed72583582a1f345b164dfc1eb9e27987/cwcwidth-0.1.12-cp312-cp312-macosx_11_0_arm64.whl", hash = "sha256:d7a2e39cadd49a156d29ab895277fb1be39768b4949ad9e69a60c4255e13941d", size = 25645, upload-time = "2025-11-01T17:48:30.035Z" },
    { url = "https://files.pythonhosted.org/packages/7b/e4/1e7f94d3992e2c017baba7dbd2d40f79004f5a3fb577df34347bb6e11f86/cwcwidth-0.1.12-cp312-cp312-manylinux1_x86_64.manylinux_2_28_x86_64.manylinux_2_5_x86_64.whl", hash = "sha256:4428e20a738fbd093af9d39e46e03ae3a79e4ca09e3fc1e1a659ed27d5395c34", size = 104998, upload-time = "2025-11-01T17:48:30.739Z" },
    { url = "https://files.pythonhosted.org/packages/09/42/43e6e2bde7a002bb929e47264ebdd527e80583d9ba7e8829a0aae31f774d/cwcwidth-0.1.12-cp312-cp312-manylinux2014_aarch64.manylinux_2_17_aarch64.manylinux_2_28_aarch64.whl", hash = "sha256:c45d6fbef64c84d8a59fe9c1c108de6f1d1de554a42cac9daac91fd4d705bd3b", size = 107391, upload-time = "2025-11-01T17:48:31.49Z" },
    { url = "https://files.pythonhosted.org/packages/6c/8c/9ca1f7790464dab8d5fdf6b1377dcacc08706923d752b92c822263a88b51/cwcwidth-0.1.12-cp312-cp312-musllinux_1_2_aarch64.whl", hash = "sha256:e35fa152ead1b9d39523f368d9412318701c390970dfdc48342e8fd33e7e3797", size = 104450, upload-time = "2025-11-01T17:48:32.879Z" },
    { url = "https://files.pythonhosted.org/packages/0f/fa/9dfac9f95284f490bf17c85c6799a04d1609bc41736643b27392d45d634e/cwcwidth-0.1.12-cp312-cp312-musllinux_1_2_x86_64.whl", hash = "sha256:0bb29ee9751de468a2de0bf20cf2ec616abfb6d89a19b3467e7798c8d2934390", size = 105551, upload-time = "2025-11-01T17:48:33.696Z" },
    { url = "https://files.pythonhosted.org/packages/c6/89/5999b1bdeb91ec067a52959cfd9c5ddaf37970ffc6e079152b2df781a6c8/cwcwidth-0.1.12-cp312-cp312-win32.whl", hash = "sha256:cc35e4db9e657eb83287dc6065f105a8ad6b0056dc9a6a50c4f599c080187aff", size = 23924, upload-time = "2025-11-01T17:48:34.521Z" },
    { url = "https://files.pythonhosted.org/packages/76/7d/45025ffbfe25ba700b5d3c8ac1ad6cdc2dba75f4e44c95fd12465dd21c81/cwcwidth-0.1.12-cp312-cp312-win_amd64.whl", hash = "sha256:18eaa450767dda0b4b2009f7e9f61c4dd4d541629d5197d7a016890388d71ec9", size = 26176, upload-time = "2025-11-01T17:48:35.164Z" },
]

[[package]]
name = "greenlet"
version = "3.5.3"
source = { registry = "https://pypi.org/simple" }
sdist = { url = "https://files.pythonhosted.org/packages/e2/f1/fbbfef6af0bad0548f09bc28948ea3c275b4edb19e17fc5ca9900a6a634d/greenlet-3.5.3.tar.gz", hash = "sha256:a61efc018fd3eb317eeca31aba90ee9e7f26f22884a79b6c6ec715bf71bb62f1", size = 200270, upload-time = "2026-06-26T19:28:24.832Z" }
wheels = [
    { url = "https://files.pythonhosted.org/packages/5d/6e/4c37d51a2b7f82d2ff11bb6b5f7d766d9a011726624af255e843727627a3/greenlet-3.5.3-cp312-cp312-macosx_11_0_universal2.whl", hash = "sha256:719757059f5a53fd0dde23f78cffeafcdd97b21c850ddb7ca684a3c1a1f122e2", size = 288685, upload-time = "2026-06-26T18:22:08.977Z" },
    { url = "https://files.pythonhosted.org/packages/7a/73/815dd90131c1b71ebdf53dbc7c276cafec2a1173b97559f97aba72724a87/greenlet-3.5.3-cp312-cp312-manylinux_2_24_aarch64.manylinux_2_28_aarch64.whl", hash = "sha256:efa9f765dd09f9d0cdac651ffdf631ee59ec5dc6ee7a73e0c012ba9c52fbdf5b", size = 604761, upload-time = "2026-06-26T19:07:10.114Z" },
    { url = "https://files.pythonhosted.org/packages/9f/57/079cfe76bcef36b153b25607ee91c6fcb58f17f8b23c86bbbeabe0c88d72/greenlet-3.5.3-cp312-cp312-manylinux_2_24_ppc64le.manylinux_2_28_ppc64le.whl", hash = "sha256:7faba15ac005376e02a0384504e0243be3370ce010296a44a820feb342b505ab", size = 617044, upload-time = "2026-06-26T19:10:07.25Z" },
    { url = "https://files.pythonhosted.org/packages/fb/fb/d97dc261209c80744b7c8132693a30d70ec6e7315e632cb0a10b3fec94dd/greenlet-3.5.3-cp312-cp312-manylinux_2_24_s390x.manylinux_2_28_s390x.whl", hash = "sha256:5795cd1101371140551c645f2d408b8d3c01a5a29cf8a9bce6e759c983682d23", size = 622351, upload-time = "2026-06-26T19:24:16.32Z" },
    { url = "https://files.pythonhosted.org/packages/37/87/b4d095775a3fb1bcafbb483fc206b27ebb785724c83051447737085dc54e/greenlet-3.5.3-cp312-cp312-manylinux_2_24_x86_64.manylinux_2_28_x86_64.whl", hash = "sha256:87142215824be6ac05e2e8e2786eec307ccbc27c36723c3881959df654af6861", size = 614244, upload-time = "2026-06-26T18:32:17.594Z" },
    { url = "https://files.pythonhosted.org/packages/8e/ac/e5fee13cbbd0e8de312d9a146584b8a51891c68847330ef9dc8b5109d23f/greenlet-3.5.3-cp312-cp312-manylinux_2_39_riscv64.whl", hash = "sha256:af4923b3096e26a36d7e9cf24ab88083a20f97d191e3b97f253731ce9b41b28c", size = 425395, upload-time = "2026-06-26T19:25:37.144Z" },
    { url = "https://files.pythonhosted.org/packages/8a/70/7559b609683650fa2b95b8ab84b4ab0b26556a635d19675e12aa832d826d/greenlet-3.5.3-cp312-cp312-musllinux_1_2_aarch64.whl", hash = "sha256:215275b1b49320987352e6c1b054acca0064f965a2c66992bed9a6f7d913f149", size = 1574210, upload-time = "2026-06-26T19:09:03.077Z" },
    { url = "https://files.pythonhosted.org/packages/ae/73/be55392074c60fc37655ca40fa6022457bfbf6718e9e342a7b0b41f96dd2/greenlet-3.5.3-cp312-cp312-musllinux_1_2_x86_64.whl", hash = "sha256:6b1b0eed82364b0e32c4ea0f221452d33e6bb17ae094d9f72aed9851812747ea", size = 1638627, upload-time = "2026-06-26T18:31:44.748Z" },
    { url = "https://files.pythonhosted.org/packages/14/40/c57489acf8e37d74e2913d4eff63aa0dba17acccc4bdeef874dde2dbbec9/greenlet-3.5.3-cp312-cp312-win_amd64.whl", hash = "sha256:cde8adafa2365676f74a979744629589999093bc86e2484214f58e61df08902c", size = 239882, upload-time = "2026-06-26T18:23:27.518Z" },
    { url = "https://files.pythonhosted.org/packages/71/fd/6fea0e3d6600f785069481ee637e09378dd4118acdfd38ad88ae2db31c98/greenlet-3.5.3-cp312-cp312-win_arm64.whl", hash = "sha256:c4e7b79d83805475f0102008843f6eb45fd3bb0b2e88c774adab5fbaab27117d", size = 238211, upload-time = "2026-06-26T18:22:37.671Z" },
]

[[package]]
name = "idna"
version = "3.18"
source = { registry = "https://pypi.org/simple" }
sdist = { url = "https://files.pythonhosted.org/packages/cd/63/9496c57188a2ee585e0f1db071d75089a11e98aa86eb99d9d7618fc1edce/idna-3.18.tar.gz", hash = "sha256:ffb385a7e039654cef1ab9ef32c6fafe283c0c0467bba1d9029738ce4a14a848", size = 196711, upload-time = "2026-06-02T14:34:07.794Z" }
wheels = [
    { url = "https://files.pythonhosted.org/packages/1e/5e/d4e9f1a599fb8e573b7b87160658329fbf28d19eac2718f51fc3def3aa5a/idna-3.18-py3-none-any.whl", hash = "sha256:7f952cbe720b688055e3f87de14f5c3e5fdaa8bc3928985c4077ca689de849a2", size = 65455, upload-time = "2026-06-02T14:34:06.319Z" },
]

[[package]]
name = "jinxed"
version = "2.1.0"
source = { registry = "https://pypi.org/simple" }
dependencies = [
    { name = "ansicon", marker = "sys_platform == 'win32'" },
]
sdist = { url = "https://files.pythonhosted.org/packages/39/d7/6e6d474ec5eaeca6a61acc17766bb19563b3a372b4b9d92910078f5fe49f/jinxed-2.1.0.tar.gz", hash = "sha256:7e755b831faa2443d44fb4ce7c0202eb9c3ed39bd5bf1193365888f4f6092b54", size = 61287, upload-time = "2026-07-03T15:46:48.153Z" }
wheels = [
    { url = "https://files.pythonhosted.org/packages/f1/1d/0a6be99b69bb448448403a45a241aff0dca751832ae54f027ed940d2eb52/jinxed-2.1.0-py2.py3-none-any.whl", hash = "sha256:43b802d18b70e405d410fb66eb2837d1101e7e5ea922e666507bb43f34d11d09", size = 104999, upload-time = "2026-07-03T15:46:47.114Z" },
]

[[package]]
name = "pygame"
version = "2.6.1"
source = { registry = "https://pypi.org/simple" }
sdist = { url = "https://files.pythonhosted.org/packages/49/cc/08bba60f00541f62aaa252ce0cfbd60aebd04616c0b9574f755b583e45ae/pygame-2.6.1.tar.gz", hash = "sha256:56fb02ead529cee00d415c3e007f75e0780c655909aaa8e8bf616ee09c9feb1f", size = 14808125, upload-time = "2024-09-29T13:41:34.698Z" }
wheels = [
    { url = "https://files.pythonhosted.org/packages/92/16/2c602c332f45ff9526d61f6bd764db5096ff9035433e2172e2d2cadae8db/pygame-2.6.1-cp312-cp312-macosx_10_9_x86_64.whl", hash = "sha256:4ee7f2771f588c966fa2fa8b829be26698c9b4836f82ede5e4edc1a68594942e", size = 13118279, upload-time = "2024-09-29T14:26:30.427Z" },
    { url = "https://files.pythonhosted.org/packages/cd/53/77ccbc384b251c6e34bfd2e734c638233922449a7844e3c7a11ef91cee39/pygame-2.6.1-cp312-cp312-macosx_11_0_arm64.whl", hash = "sha256:c8040ea2ab18c6b255af706ec01355c8a6b08dc48d77fd4ee783f8fc46a843bf", size = 12384524, upload-time = "2024-09-29T14:26:49.996Z" },
    { url = "https://files.pythonhosted.org/packages/06/be/3ed337583f010696c3b3435e89a74fb29d0c74d0931e8f33c0a4246307a9/pygame-2.6.1-cp312-cp312-manylinux_2_17_aarch64.manylinux2014_aarch64.whl", hash = "sha256:c47a6938de93fa610accd4969e638c2aebcb29b2fca518a84c3a39d91ab47116", size = 13587123, upload-time = "2024-09-29T11:10:50.072Z" },
    { url = "https://files.pythonhosted.org/packages/fd/ca/b015586a450db59313535662991b34d24c1f0c0dc149cc5f496573900f4e/pygame-2.6.1-cp312-cp312-manylinux_2_17_i686.manylinux2014_i686.whl", hash = "sha256:33006f784e1c7d7e466fcb61d5489da59cc5f7eb098712f792a225df1d4e229d", size = 14275532, upload-time = "2024-09-29T11:39:59.356Z" },
    { url = "https://files.pythonhosted.org/packages/b9/f2/d31e6ad42d657af07be2ffd779190353f759a07b51232b9e1d724f2cda46/pygame-2.6.1-cp312-cp312-manylinux_2_17_x86_64.manylinux2014_x86_64.whl", hash = "sha256:1206125f14cae22c44565c9d333607f1d9f59487b1f1432945dfc809aeaa3e88", size = 13952653, upload-time = "2024-09-29T11:40:01.781Z" },
    { url = "https://files.pythonhosted.org/packages/f3/42/8ea2a6979e6fa971702fece1747e862e2256d4a8558fe0da6364dd946c53/pygame-2.6.1-cp312-cp312-win32.whl", hash = "sha256:84fc4054e25262140d09d39e094f6880d730199710829902f0d8ceae0213379e", size = 10252421, upload-time = "2024-09-29T11:14:26.877Z" },
    { url = "https://files.pythonhosted.org/packages/5f/90/7d766d54bb95939725e9a9361f9c06b0cfbe3fe100aa35400f0a461a278a/pygame-2.6.1-cp312-cp312-win_amd64.whl", hash = "sha256:3a9e7396be0d9633831c3f8d5d82dd63ba373ad65599628294b7a4f8a5a01a65", size = 10624591, upload-time = "2024-09-29T11:52:54.489Z" },
]

[[package]]
name = "pygame-hello"
version = "0.1.0"
source = { virtual = "." }
dependencies = [
    { name = "bpython" },
    { name = "pygame" },
    { name = "pyopengl" },
]

[package.metadata]
requires-dist = [
    { name = "bpython" },
    { name = "pygame" },
    { name = "pyopengl" },
]

[[package]]
name = "pygments"
version = "2.20.0"
source = { registry = "https://pypi.org/simple" }
sdist = { url = "https://files.pythonhosted.org/packages/c3/b2/bc9c9196916376152d655522fdcebac55e66de6603a76a02bca1b6414f6c/pygments-2.20.0.tar.gz", hash = "sha256:6757cd03768053ff99f3039c1a36d6c0aa0b263438fcab17520b30a303a82b5f", size = 4955991, upload-time = "2026-03-29T13:29:33.898Z" }
wheels = [
    { url = "https://files.pythonhosted.org/packages/f4/7e/a72dd26f3b0f4f2bf1dd8923c85f7ceb43172af56d63c7383eb62b332364/pygments-2.20.0-py3-none-any.whl", hash = "sha256:81a9e26dd42fd28a23a2d169d86d7ac03b46e2f8b59ed4698fb4785f946d0176", size = 1231151, upload-time = "2026-03-29T13:29:30.038Z" },
]

[[package]]
name = "pyopengl"
version = "3.1.10"
source = { registry = "https://pypi.org/simple" }
sdist = { url = "https://files.pythonhosted.org/packages/6f/16/912b7225d56284859cd9a672827f18be43f8012f8b7b932bc4bd959a298e/pyopengl-3.1.10.tar.gz", hash = "sha256:c4a02d6866b54eb119c8e9b3fb04fa835a95ab802dd96607ab4cdb0012df8335", size = 1915580, upload-time = "2025-08-18T02:33:01.76Z" }
wheels = [
    { url = "https://files.pythonhosted.org/packages/de/e4/1ba6f44e491c4eece978685230dde56b14d51a0365bc1b774ddaa94d14cd/pyopengl-3.1.10-py3-none-any.whl", hash = "sha256:794a943daced39300879e4e47bd94525280685f42dbb5a998d336cfff151d74f", size = 3194996, upload-time = "2025-08-18T02:32:59.902Z" },
]

[[package]]
name = "pyxdg"
version = "0.28"
source = { registry = "https://pypi.org/simple" }
sdist = { url = "https://files.pythonhosted.org/packages/b0/25/7998cd2dec731acbd438fbf91bc619603fc5188de0a9a17699a781840452/pyxdg-0.28.tar.gz", hash = "sha256:3267bb3074e934df202af2ee0868575484108581e6f3cb006af1da35395e88b4", size = 77776, upload-time = "2022-06-05T11:35:01Z" }
wheels = [
    { url = "https://files.pythonhosted.org/packages/e5/8d/cf41b66a8110670e3ad03dab9b759704eeed07fa96e90fdc0357b2ba70e2/pyxdg-0.28-py2.py3-none-any.whl", hash = "sha256:bdaf595999a0178ecea4052b7f4195569c1ff4d344567bccdc12dfdf02d545ab", size = 49520, upload-time = "2022-06-05T11:34:58.832Z" },
]

[[package]]
name = "requests"
version = "2.34.2"
source = { registry = "https://pypi.org/simple" }
dependencies = [
    { name = "certifi" },
    { name = "charset-normalizer" },
    { name = "idna" },
    { name = "urllib3" },
]
sdist = { url = "https://files.pythonhosted.org/packages/ac/c3/e2a2b89f2d3e2179abd6d00ebd70bff6273f37fb3e0cc209f48b39d00cbf/requests-2.34.2.tar.gz", hash = "sha256:f288924cae4e29463698d6d60bc6a4da69c89185ad1e0bcc4104f584e960b9ed", size = 142856, upload-time = "2026-05-14T19:25:27.735Z" }
wheels = [
    { url = "https://files.pythonhosted.org/packages/a0/f4/c67b0b3f1b9245e8d266f0f112c500d50e5b4e83cb6f3b71b6528104182a/requests-2.34.2-py3-none-any.whl", hash = "sha256:2a0d60c172f83ac6ab31e4554906c0f3b3588d37b5cb939b1c061f4907e278e0", size = 73075, upload-time = "2026-05-14T19:25:26.443Z" },
]

[[package]]
name = "urllib3"
version = "2.7.0"
source = { registry = "https://pypi.org/simple" }
sdist = { url = "https://files.pythonhosted.org/packages/53/0c/06f8b233b8fd13b9e5ee11424ef85419ba0d8ba0b3138bf360be2ff56953/urllib3-2.7.0.tar.gz", hash = "sha256:231e0ec3b63ceb14667c67be60f2f2c40a518cb38b03af60abc813da26505f4c", size = 433602, upload-time = "2026-05-07T16:13:18.596Z" }
wheels = [
    { url = "https://files.pythonhosted.org/packages/7f/3e/5db95bcf282c52709639744ca2a8b149baccf648e39c8cc87553df9eae0c/urllib3-2.7.0-py3-none-any.whl", hash = "sha256:9fb4c81ebbb1ce9531cce37674bbc6f1360472bc18ca9a553ede278ef7276897", size = 131087, upload-time = "2026-05-07T16:13:17.151Z" },
]

[[package]]
name = "wcwidth"
version = "0.8.2"
source = { registry = "https://pypi.org/simple" }
sdist = { url = "https://files.pythonhosted.org/packages/34/74/c6428f875774288bec1396f5bfcbc2d925700a4dad61727fd5f2b12f249d/wcwidth-0.8.2.tar.gz", hash = "sha256:91fbef97204b96a3d4d421609b80340b760cf33e26da123ff243d76b1fda8dda", size = 1466253, upload-time = "2026-06-29T18:11:11.601Z" }
wheels = [
    { url = "https://files.pythonhosted.org/packages/96/42/3e5985a0a7e57de470b320c6d6a1a67c844f6737a587f3d44dd13d1819e7/wcwidth-0.8.2-py3-none-any.whl", hash = "sha256:d63947694a0539a1d51e01eda7caf800c291020e6cdd7e28ad7b14dd33ad4f85", size = 323166, upload-time = "2026-06-29T18:11:09.888Z" },
]
