
Microsoft Visual Studio Solution File, Format Version 9.00
# Visual C++ Express 2005
Project("{8BC9CEB8-8B4A-11D0-8D11-00A0C91BC942}") = "Beginner 1", "Beginner 1.vcproj", "{5CEB0D5D-75F2-4910-8BC5-D2B2E8AFE713}"
EndProject
Global
	GlobalSection(SolutionConfigurationPlatforms) = preSolution
		Debug|Win32 = Debug|Win32
		Release|Win32 = Release|Win32
	EndGlobalSection
	GlobalSection(ProjectConfigurationPlatforms) = postSolution
		{5CEB0D5D-75F2-4910-8BC5-D2B2E8AFE713}.Debug|Win32.ActiveCfg = Debug|Win32
		{5CEB0D5D-75F2-4910-8BC5-D2B2E8AFE713}.Debug|Win32.Build.0 = Debug|Win32
		{5CEB0D5D-75F2-4910-8BC5-D2B2E8AFE713}.Release|Win32.ActiveCfg = Release|Win32
		{5CEB0D5D-75F2-4910-8BC5-D2B2E8AFE713}.Release|Win32.Build.0 = Release|Win32
	EndGlobalSection
	GlobalSection(SolutionProperties) = preSolution
		HideSolutionNode = FALSE
	EndGlobalSection
EndGlobal
