
Microsoft Visual Studio Solution File, Format Version 9.00
# Visual C++ Express 2005
Project("{8BC9CEB8-8B4A-11D0-8D11-00A0C91BC942}") = "02 Project", "02 Project.vcproj", "{4EE7597E-D9AF-41C0-9393-961116D17745}"
EndProject
Global
	GlobalSection(SolutionConfigurationPlatforms) = preSolution
		Debug|Win32 = Debug|Win32
		Release|Win32 = Release|Win32
	EndGlobalSection
	GlobalSection(ProjectConfigurationPlatforms) = postSolution
		{4EE7597E-D9AF-41C0-9393-961116D17745}.Debug|Win32.ActiveCfg = Debug|Win32
		{4EE7597E-D9AF-41C0-9393-961116D17745}.Debug|Win32.Build.0 = Debug|Win32
		{4EE7597E-D9AF-41C0-9393-961116D17745}.Release|Win32.ActiveCfg = Release|Win32
		{4EE7597E-D9AF-41C0-9393-961116D17745}.Release|Win32.Build.0 = Release|Win32
	EndGlobalSection
	GlobalSection(SolutionProperties) = preSolution
		HideSolutionNode = FALSE
	EndGlobalSection
EndGlobal
