Microsoft Visual Studio Solution File, Format Version 7.00
Project("{F184B08F-C81C-45F6-A57F-5ABD9991F28F}") = "KFucker", "KFucker\KFucker.vbproj", "{8ED55358-171D-47B2-AA80-9F43D8615B52}"
EndProject
Global
	GlobalSection(SolutionConfiguration) = preSolution
		ConfigName.0 = Debug
		ConfigName.1 = Release
	EndGlobalSection
	GlobalSection(ProjectDependencies) = postSolution
	EndGlobalSection
	GlobalSection(ProjectConfiguration) = postSolution
		{8ED55358-171D-47B2-AA80-9F43D8615B52}.Debug.ActiveCfg = Debug|.NET
		{8ED55358-171D-47B2-AA80-9F43D8615B52}.Debug.Build.0 = Debug|.NET
		{8ED55358-171D-47B2-AA80-9F43D8615B52}.Release.ActiveCfg = Release|.NET
		{8ED55358-171D-47B2-AA80-9F43D8615B52}.Release.Build.0 = Release|.NET
	EndGlobalSection
	GlobalSection(ExtensibilityGlobals) = postSolution
	EndGlobalSection
	GlobalSection(ExtensibilityAddIns) = postSolution
	EndGlobalSection
EndGlobal
