
Microsoft Visual Studio Solution File, Format Version 9.00
# Visual Basic Express 2005
Project("{F184B08F-C81C-45F6-A57F-5ABD9991F28F}") = "RMP 2nd Alpha", "RMP 2nd Alpha\RMP 2nd Alpha.vbproj", "{FD16A8DB-4473-4FFA-B66C-F41D03155712}"
EndProject
Global
	GlobalSection(SolutionConfigurationPlatforms) = preSolution
		Debug|Any CPU = Debug|Any CPU
		Release|Any CPU = Release|Any CPU
	EndGlobalSection
	GlobalSection(ProjectConfigurationPlatforms) = postSolution
		{FD16A8DB-4473-4FFA-B66C-F41D03155712}.Debug|Any CPU.ActiveCfg = Debug|Any CPU
		{FD16A8DB-4473-4FFA-B66C-F41D03155712}.Debug|Any CPU.Build.0 = Debug|Any CPU
		{FD16A8DB-4473-4FFA-B66C-F41D03155712}.Release|Any CPU.ActiveCfg = Release|Any CPU
		{FD16A8DB-4473-4FFA-B66C-F41D03155712}.Release|Any CPU.Build.0 = Release|Any CPU
	EndGlobalSection
	GlobalSection(SolutionProperties) = preSolution
		HideSolutionNode = FALSE
	EndGlobalSection
EndGlobal
