
Microsoft Visual Studio Solution File, Format Version 9.00
# Visual C++ Express 2005
Project("{8BC9CEB8-8B4A-11D0-8D11-00A0C91BC942}") = "Exceptions(FloatVek)", "Exceptions(FloatVek)\Exceptions(FloatVek).vcproj", "{534A0B96-A476-461C-B045-18F5D7F6846E}"
EndProject
Global
	GlobalSection(SolutionConfigurationPlatforms) = preSolution
		Debug|Win32 = Debug|Win32
		Release|Win32 = Release|Win32
	EndGlobalSection
	GlobalSection(ProjectConfigurationPlatforms) = postSolution
		{534A0B96-A476-461C-B045-18F5D7F6846E}.Debug|Win32.ActiveCfg = Debug|Win32
		{534A0B96-A476-461C-B045-18F5D7F6846E}.Debug|Win32.Build.0 = Debug|Win32
		{534A0B96-A476-461C-B045-18F5D7F6846E}.Release|Win32.ActiveCfg = Release|Win32
		{534A0B96-A476-461C-B045-18F5D7F6846E}.Release|Win32.Build.0 = Release|Win32
	EndGlobalSection
	GlobalSection(SolutionProperties) = preSolution
		HideSolutionNode = FALSE
	EndGlobalSection
EndGlobal
