
Microsoft Visual Studio Solution File, Format Version 9.00
# Visual C++ Express 2005
Project("{8BC9CEB8-8B4A-11D0-8D11-00A0C91BC942}") = "Beginner 2", "Beginner 2.vcproj", "{86626655-624C-4CBF-BFAB-6B9DB5A52393}"
EndProject
Global
	GlobalSection(SolutionConfigurationPlatforms) = preSolution
		Debug|Win32 = Debug|Win32
		Release|Win32 = Release|Win32
	EndGlobalSection
	GlobalSection(ProjectConfigurationPlatforms) = postSolution
		{86626655-624C-4CBF-BFAB-6B9DB5A52393}.Debug|Win32.ActiveCfg = Debug|Win32
		{86626655-624C-4CBF-BFAB-6B9DB5A52393}.Debug|Win32.Build.0 = Debug|Win32
		{86626655-624C-4CBF-BFAB-6B9DB5A52393}.Release|Win32.ActiveCfg = Release|Win32
		{86626655-624C-4CBF-BFAB-6B9DB5A52393}.Release|Win32.Build.0 = Release|Win32
	EndGlobalSection
	GlobalSection(SolutionProperties) = preSolution
		HideSolutionNode = FALSE
	EndGlobalSection
EndGlobal
