
Microsoft Visual Studio Solution File, Format Version 9.00
# Visual Basic Express 2005
Project("{F184B08F-C81C-45F6-A57F-5ABD9991F28F}") = "Klassen-Test", "Klassen-Test\Klassen-Test.vbproj", "{570717A9-616E-4A14-80D1-BD5444BD40B2}"
EndProject
Global
	GlobalSection(SolutionConfigurationPlatforms) = preSolution
		Debug|Any CPU = Debug|Any CPU
		Release|Any CPU = Release|Any CPU
	EndGlobalSection
	GlobalSection(ProjectConfigurationPlatforms) = postSolution
		{570717A9-616E-4A14-80D1-BD5444BD40B2}.Debug|Any CPU.ActiveCfg = Debug|Any CPU
		{570717A9-616E-4A14-80D1-BD5444BD40B2}.Debug|Any CPU.Build.0 = Debug|Any CPU
		{570717A9-616E-4A14-80D1-BD5444BD40B2}.Release|Any CPU.ActiveCfg = Release|Any CPU
		{570717A9-616E-4A14-80D1-BD5444BD40B2}.Release|Any CPU.Build.0 = Release|Any CPU
	EndGlobalSection
	GlobalSection(SolutionProperties) = preSolution
		HideSolutionNode = FALSE
	EndGlobalSection
EndGlobal
