
Microsoft Visual Studio Solution File, Format Version 11.00
# Visual Studio 2010
Project("{8BC9CEB8-8B4A-11D0-8D11-00A0C91BC942}") = "Hello_Awesomium", "Hello_Awesomium.vcxproj", "{2A4304B9-CD79-4CAC-B062-15C071581986}"
EndProject
Project("{8BC9CEB8-8B4A-11D0-8D11-00A0C91BC942}") = "Hello_Interactive_Awe", "Hello_Interactive_Awe\Hello_Interactive_Awe.vcxproj", "{91D7C831-F4DD-43F1-A155-D25DF23F65DA}"
EndProject
Global
	GlobalSection(SolutionConfigurationPlatforms) = preSolution
		Debug|Win32 = Debug|Win32
		Release|Win32 = Release|Win32
	EndGlobalSection
	GlobalSection(ProjectConfigurationPlatforms) = postSolution
		{2A4304B9-CD79-4CAC-B062-15C071581986}.Debug|Win32.ActiveCfg = Debug|Win32
		{2A4304B9-CD79-4CAC-B062-15C071581986}.Debug|Win32.Build.0 = Debug|Win32
		{2A4304B9-CD79-4CAC-B062-15C071581986}.Release|Win32.ActiveCfg = Release|Win32
		{2A4304B9-CD79-4CAC-B062-15C071581986}.Release|Win32.Build.0 = Release|Win32
		{91D7C831-F4DD-43F1-A155-D25DF23F65DA}.Debug|Win32.ActiveCfg = Debug|Win32
		{91D7C831-F4DD-43F1-A155-D25DF23F65DA}.Debug|Win32.Build.0 = Debug|Win32
		{91D7C831-F4DD-43F1-A155-D25DF23F65DA}.Release|Win32.ActiveCfg = Release|Win32
		{91D7C831-F4DD-43F1-A155-D25DF23F65DA}.Release|Win32.Build.0 = Release|Win32
	EndGlobalSection
	GlobalSection(SolutionProperties) = preSolution
		HideSolutionNode = FALSE
	EndGlobalSection
EndGlobal
