
Microsoft Visual Studio Solution File, Format Version 9.00
# Visual C++ Express 2005
Project("{8BC9CEB8-8B4A-11D0-8D11-00A0C91BC942}") = "Beginner 7", "Beginner 7.vcproj", "{36D241CB-1E71-4E83-823B-9CC4953847D0}"
EndProject
Global
	GlobalSection(SolutionConfigurationPlatforms) = preSolution
		Debug|Win32 = Debug|Win32
		Release|Win32 = Release|Win32
	EndGlobalSection
	GlobalSection(ProjectConfigurationPlatforms) = postSolution
		{36D241CB-1E71-4E83-823B-9CC4953847D0}.Debug|Win32.ActiveCfg = Debug|Win32
		{36D241CB-1E71-4E83-823B-9CC4953847D0}.Debug|Win32.Build.0 = Debug|Win32
		{36D241CB-1E71-4E83-823B-9CC4953847D0}.Release|Win32.ActiveCfg = Release|Win32
		{36D241CB-1E71-4E83-823B-9CC4953847D0}.Release|Win32.Build.0 = Release|Win32
	EndGlobalSection
	GlobalSection(SolutionProperties) = preSolution
		HideSolutionNode = FALSE
	EndGlobalSection
EndGlobal
