
Microsoft Visual Studio Solution File, Format Version 9.00
# Visual C++ Express 2005
Project("{8BC9CEB8-8B4A-11D0-8D11-00A0C91BC942}") = "01 Project", "01 Project.vcproj", "{C731CC1A-7BCB-45AE-A3F4-8999E5ECA148}"
EndProject
Global
	GlobalSection(SolutionConfigurationPlatforms) = preSolution
		Debug|Win32 = Debug|Win32
		Release|Win32 = Release|Win32
	EndGlobalSection
	GlobalSection(ProjectConfigurationPlatforms) = postSolution
		{C731CC1A-7BCB-45AE-A3F4-8999E5ECA148}.Debug|Win32.ActiveCfg = Debug|Win32
		{C731CC1A-7BCB-45AE-A3F4-8999E5ECA148}.Debug|Win32.Build.0 = Debug|Win32
		{C731CC1A-7BCB-45AE-A3F4-8999E5ECA148}.Release|Win32.ActiveCfg = Release|Win32
		{C731CC1A-7BCB-45AE-A3F4-8999E5ECA148}.Release|Win32.Build.0 = Release|Win32
	EndGlobalSection
	GlobalSection(SolutionProperties) = preSolution
		HideSolutionNode = FALSE
	EndGlobalSection
EndGlobal
