
Microsoft Visual Studio Solution File, Format Version 9.00
# Visual C++ Express 2005
Project("{8BC9CEB8-8B4A-11D0-8D11-00A0C91BC942}") = "FloatVek", "FloatVek\FloatVek.vcproj", "{4D564273-EA39-4C21-8AFE-0A04D455A172}"
EndProject
Global
	GlobalSection(SolutionConfigurationPlatforms) = preSolution
		Debug|Win32 = Debug|Win32
		Release|Win32 = Release|Win32
	EndGlobalSection
	GlobalSection(ProjectConfigurationPlatforms) = postSolution
		{4D564273-EA39-4C21-8AFE-0A04D455A172}.Debug|Win32.ActiveCfg = Debug|Win32
		{4D564273-EA39-4C21-8AFE-0A04D455A172}.Debug|Win32.Build.0 = Debug|Win32
		{4D564273-EA39-4C21-8AFE-0A04D455A172}.Release|Win32.ActiveCfg = Release|Win32
		{4D564273-EA39-4C21-8AFE-0A04D455A172}.Release|Win32.Build.0 = Release|Win32
	EndGlobalSection
	GlobalSection(SolutionProperties) = preSolution
		HideSolutionNode = FALSE
	EndGlobalSection
EndGlobal
