<?xml version="1.0" encoding="utf-8"?>
<Project ToolsVersion="4.0" xmlns="http://schemas.microsoft.com/developer/msbuild/2003">
  <ItemGroup>
    <ClCompile Include="bilateral_main.cpp" />
  </ItemGroup>
  <ItemGroup>
    <ClInclude Include="bilateral_gaussian.cuh" />
    <ClInclude Include="bilateral_gaussian2.cuh" />
  </ItemGroup>
  <ItemGroup>
    <CudaCompile Include="bilateral_gaussian.cu" />
    <CudaCompile Include="bilateral_gaussian2.cu" />
  </ItemGroup>
</Project>