
Microsoft Visual Studio Solution File, Format Version 9.00
# Visual C++ Express 2005
Project("{8BC9CEB8-8B4A-11D0-8D11-00A0C91BC942}") = "quadGleich", "quadGleich\quadGleich.vcproj", "{262A939F-86D4-4820-B711-EF42E053DEFD}"
EndProject
Global
	GlobalSection(SolutionConfigurationPlatforms) = preSolution
		Debug|Win32 = Debug|Win32
		Release|Win32 = Release|Win32
	EndGlobalSection
	GlobalSection(ProjectConfigurationPlatforms) = postSolution
		{262A939F-86D4-4820-B711-EF42E053DEFD}.Debug|Win32.ActiveCfg = Debug|Win32
		{262A939F-86D4-4820-B711-EF42E053DEFD}.Debug|Win32.Build.0 = Debug|Win32
		{262A939F-86D4-4820-B711-EF42E053DEFD}.Release|Win32.ActiveCfg = Release|Win32
		{262A939F-86D4-4820-B711-EF42E053DEFD}.Release|Win32.Build.0 = Release|Win32
	EndGlobalSection
	GlobalSection(SolutionProperties) = preSolution
		HideSolutionNode = FALSE
	EndGlobalSection
EndGlobal
