
Microsoft Visual Studio Solution File, Format Version 9.00
# Visual C++ Express 2005
Project("{8BC9CEB8-8B4A-11D0-8D11-00A0C91BC942}") = "Vektoren(isLess)", "Vektoren(isLess)\Vektoren(isLess).vcproj", "{C03A016B-97FA-4E22-BBAF-BA1C1EB9D46F}"
EndProject
Global
	GlobalSection(SolutionConfigurationPlatforms) = preSolution
		Debug|Win32 = Debug|Win32
		Release|Win32 = Release|Win32
	EndGlobalSection
	GlobalSection(ProjectConfigurationPlatforms) = postSolution
		{C03A016B-97FA-4E22-BBAF-BA1C1EB9D46F}.Debug|Win32.ActiveCfg = Debug|Win32
		{C03A016B-97FA-4E22-BBAF-BA1C1EB9D46F}.Debug|Win32.Build.0 = Debug|Win32
		{C03A016B-97FA-4E22-BBAF-BA1C1EB9D46F}.Release|Win32.ActiveCfg = Release|Win32
		{C03A016B-97FA-4E22-BBAF-BA1C1EB9D46F}.Release|Win32.Build.0 = Release|Win32
	EndGlobalSection
	GlobalSection(SolutionProperties) = preSolution
		HideSolutionNode = FALSE
	EndGlobalSection
EndGlobal
