
Microsoft Visual Studio Solution File, Format Version 11.00
# Visual Studio 2010
Project("{8BC9CEB8-8B4A-11D0-8D11-00A0C91BC942}") = "Chat", "Chat.vcxproj", "{ED878145-37C8-409B-82BF-DEC3902F5CAC}"
EndProject
Global
	GlobalSection(SolutionConfigurationPlatforms) = preSolution
		Debug|Win32 = Debug|Win32
		Release|Win32 = Release|Win32
	EndGlobalSection
	GlobalSection(ProjectConfigurationPlatforms) = postSolution
		{ED878145-37C8-409B-82BF-DEC3902F5CAC}.Debug|Win32.ActiveCfg = Debug|Win32
		{ED878145-37C8-409B-82BF-DEC3902F5CAC}.Debug|Win32.Build.0 = Debug|Win32
		{ED878145-37C8-409B-82BF-DEC3902F5CAC}.Release|Win32.ActiveCfg = Release|Win32
		{ED878145-37C8-409B-82BF-DEC3902F5CAC}.Release|Win32.Build.0 = Release|Win32
	EndGlobalSection
	GlobalSection(SolutionProperties) = preSolution
		HideSolutionNode = FALSE
	EndGlobalSection
EndGlobal
