
Microsoft Visual Studio Solution File, Format Version 9.00
# Visual C++ Express 2005
Project("{8BC9CEB8-8B4A-11D0-8D11-00A0C91BC942}") = "Compare(teilstudie)", "Compare(teilstudie)\Compare(teilstudie).vcproj", "{8A40DC60-6D7C-414D-B7D9-A049581DC8F8}"
EndProject
Global
	GlobalSection(SolutionConfigurationPlatforms) = preSolution
		Debug|Win32 = Debug|Win32
		Release|Win32 = Release|Win32
	EndGlobalSection
	GlobalSection(ProjectConfigurationPlatforms) = postSolution
		{8A40DC60-6D7C-414D-B7D9-A049581DC8F8}.Debug|Win32.ActiveCfg = Debug|Win32
		{8A40DC60-6D7C-414D-B7D9-A049581DC8F8}.Debug|Win32.Build.0 = Debug|Win32
		{8A40DC60-6D7C-414D-B7D9-A049581DC8F8}.Release|Win32.ActiveCfg = Release|Win32
		{8A40DC60-6D7C-414D-B7D9-A049581DC8F8}.Release|Win32.Build.0 = Release|Win32
	EndGlobalSection
	GlobalSection(SolutionProperties) = preSolution
		HideSolutionNode = FALSE
	EndGlobalSection
EndGlobal
